
Microsoft Visual Studio Solution File, Format Version 12.00
# Visual Studio 15
VisualStudioVersion = 15.0.28307.705
MinimumVisualStudioVersion = 10.0.40219.1
Project("{FAE04EC0-301F-11D3-BF4B-00C04F79EFBC}") = "MVC(Vista)", "MVC(Vista)\MVC(Vista).csproj", "{C5D53BF6-B28C-491C-909C-A2F1A7C9E554}"
EndProject
Project("{FAE04EC0-301F-11D3-BF4B-00C04F79EFBC}") = "MODELO", "MODELO\MODELO.csproj", "{D909D3BB-6947-48B9-8B7E-E3A97E116ECF}"
EndProject
Project("{FAE04EC0-301F-11D3-BF4B-00C04F79EFBC}") = "CONTROLADOR", "CONTROLADOR\CONTROLADOR.csproj", "{8F90D844-84E2-4C50-BD5C-FCA51F47A59F}"
EndProject
Global
	GlobalSection(SolutionConfigurationPlatforms) = preSolution
		Debug|Any CPU = Debug|Any CPU
		Release|Any CPU = Release|Any CPU
	EndGlobalSection
	GlobalSection(ProjectConfigurationPlatforms) = postSolution
		{C5D53BF6-B28C-491C-909C-A2F1A7C9E554}.Debug|Any CPU.ActiveCfg = Debug|Any CPU
		{C5D53BF6-B28C-491C-909C-A2F1A7C9E554}.Debug|Any CPU.Build.0 = Debug|Any CPU
		{C5D53BF6-B28C-491C-909C-A2F1A7C9E554}.Release|Any CPU.ActiveCfg = Release|Any CPU
		{C5D53BF6-B28C-491C-909C-A2F1A7C9E554}.Release|Any CPU.Build.0 = Release|Any CPU
		{D909D3BB-6947-48B9-8B7E-E3A97E116ECF}.Debug|Any CPU.ActiveCfg = Debug|Any CPU
		{D909D3BB-6947-48B9-8B7E-E3A97E116ECF}.Debug|Any CPU.Build.0 = Debug|Any CPU
		{D909D3BB-6947-48B9-8B7E-E3A97E116ECF}.Release|Any CPU.ActiveCfg = Release|Any CPU
		{D909D3BB-6947-48B9-8B7E-E3A97E116ECF}.Release|Any CPU.Build.0 = Release|Any CPU
		{8F90D844-84E2-4C50-BD5C-FCA51F47A59F}.Debug|Any CPU.ActiveCfg = Debug|Any CPU
		{8F90D844-84E2-4C50-BD5C-FCA51F47A59F}.Debug|Any CPU.Build.0 = Debug|Any CPU
		{8F90D844-84E2-4C50-BD5C-FCA51F47A59F}.Release|Any CPU.ActiveCfg = Release|Any CPU
		{8F90D844-84E2-4C50-BD5C-FCA51F47A59F}.Release|Any CPU.Build.0 = Release|Any CPU
	EndGlobalSection
	GlobalSection(SolutionProperties) = preSolution
		HideSolutionNode = FALSE
	EndGlobalSection
	GlobalSection(ExtensibilityGlobals) = postSolution
		SolutionGuid = {5E9415BB-381B-44C5-B4B3-A1D4B25B63AA}
	EndGlobalSection
EndGlobal
